{
    "name": "vchat-player",
    "version": "1.0.2",
    "lockfileVersion": 1,
    "requires": true,
    "dependencies": {
        "@types/hls.js": {
            "version": "0.12.5",
            "resolved": "https://registry.npmjs.org/@types/hls.js/-/hls.js-0.12.5.tgz",
            "integrity": "sha512-UWNROsxKxW1yASacUZzvjGZwS1xGp1gN3Yyd6XWMpqr8HLiYepVWZLxsyfPNsgSJrQ1oyz03tV7y4dS5nlSOaw==",
            "dev": true
        }
    }
}
